
Microsoft Visual Studio Solution File, Format Version 12.00
# Visual Studio Version 16
VisualStudioVersion = 16.0.29728.190
MinimumVisualStudioVersion = 10.0.40219.1
Project("{FAE04EC0-301F-11D3-BF4B-00C04F79EFBC}") = "pwa", "pwa.csproj", "{791EDE3E-FEF6-49A9-8A77-DFAB9AC18E7B}"
EndProject
Global
	GlobalSection(SolutionConfigurationPlatforms) = preSolution
		Debug|Any CPU = Debug|Any CPU
		Release|Any CPU = Release|Any CPU
	EndGlobalSection
	GlobalSection(ProjectConfigurationPlatforms) = postSolution
		{791EDE3E-FEF6-49A9-8A77-DFAB9AC18E7B}.Debug|Any CPU.ActiveCfg = Debug|Any CPU
		{791EDE3E-FEF6-49A9-8A77-DFAB9AC18E7B}.Debug|Any CPU.Build.0 = Debug|Any CPU
		{791EDE3E-FEF6-49A9-8A77-DFAB9AC18E7B}.Release|Any CPU.ActiveCfg = Release|Any CPU
		{791EDE3E-FEF6-49A9-8A77-DFAB9AC18E7B}.Release|Any CPU.Build.0 = Release|Any CPU
	EndGlobalSection
	GlobalSection(SolutionProperties) = preSolution
		HideSolutionNode = FALSE
	EndGlobalSection
	GlobalSection(ExtensibilityGlobals) = postSolution
		SolutionGuid = {225AE7BA-1446-4228-916E-F31D348119AF}
	EndGlobalSection
EndGlobal
